Microsoft Visual Studio Solution File, Format Version 12.00
# Visual Studio Version 17
VisualStudioVersion = 17.5.2.0
MinimumVisualStudioVersion = 10.0.40219.1
Project("{2150E333-8FDC-42A3-9474-1A3956D46DE8}") = "projects", "projects", "{17245595-230B-9055-A944-863F0DDDA8E8}"
EndProject
Project("{FAE04EC0-301F-11D3-BF4B-00C04F79EFBC}") = "GtdAngular.Api", "projects\GtdAngular.Api\GtdAngular.Api.csproj", "{CF3FC9DB-D4E9-1812-B376-0C570214C5C3}"
EndProject
Global
	GlobalSection(SolutionConfigurationPlatforms) = preSolution
		Debug|Any CPU = Debug|Any CPU
		Release|Any CPU = Release|Any CPU
	EndGlobalSection
	GlobalSection(ProjectConfigurationPlatforms) = postSolution
		{CF3FC9DB-D4E9-1812-B376-0C570214C5C3}.Debug|Any CPU.ActiveCfg = Debug|Any CPU
		{CF3FC9DB-D4E9-1812-B376-0C570214C5C3}.Debug|Any CPU.Build.0 = Debug|Any CPU
		{CF3FC9DB-D4E9-1812-B376-0C570214C5C3}.Release|Any CPU.ActiveCfg = Release|Any CPU
		{CF3FC9DB-D4E9-1812-B376-0C570214C5C3}.Release|Any CPU.Build.0 = Release|Any CPU
	EndGlobalSection
	GlobalSection(SolutionProperties) = preSolution
		HideSolutionNode = FALSE
	EndGlobalSection
	GlobalSection(NestedProjects) = preSolution
		{CF3FC9DB-D4E9-1812-B376-0C570214C5C3} = {17245595-230B-9055-A944-863F0DDDA8E8}
	EndGlobalSection
	GlobalSection(ExtensibilityGlobals) = postSolution
		SolutionGuid = {DAB74929-B9C6-4154-9CF1-19E7DD782DCA}
	EndGlobalSection
EndGlobal
